
Microsoft Visual Studio Solution File, Format Version 12.00
# Visual Studio 15
VisualStudioVersion = 15.0.26730.8
MinimumVisualStudioVersion = 10.0.40219.1
Project("{FAE04EC0-301F-11D3-BF4B-00C04F79EFBC}") = "GBot", "GBot\GBot.csproj", "{98E3F266-AF28-4284-AA9D-9284F8BD4BAF}"
EndProject
Global
	GlobalSection(SolutionConfigurationPlatforms) = preSolution
		Debug|Any CPU = Debug|Any CPU
		Release|Any CPU = Release|Any CPU
	EndGlobalSection
	GlobalSection(ProjectConfigurationPlatforms) = postSolution
		{98E3F266-AF28-4284-AA9D-9284F8BD4BAF}.Debug|Any CPU.ActiveCfg = Debug|Any CPU
		{98E3F266-AF28-4284-AA9D-9284F8BD4BAF}.Debug|Any CPU.Build.0 = Debug|Any CPU
		{98E3F266-AF28-4284-AA9D-9284F8BD4BAF}.Release|Any CPU.ActiveCfg = Release|Any CPU
		{98E3F266-AF28-4284-AA9D-9284F8BD4BAF}.Release|Any CPU.Build.0 = Release|Any CPU
	EndGlobalSection
	GlobalSection(SolutionProperties) = preSolution
		HideSolutionNode = FALSE
	EndGlobalSection
	GlobalSection(ExtensibilityGlobals) = postSolution
		SolutionGuid = {9E2A9DBC-70D2-475D-B198-7EDD3F2A8BCD}
	EndGlobalSection
EndGlobal
